
Microsoft Visual Studio Solution File, Format Version 12.00
# Visual Studio Version 17
VisualStudioVersion = 17.0.31919.166
MinimumVisualStudioVersion = 10.0.40219.1
Project("{9A19103F-16F7-4668-BE54-9A1E7A4F7556}") = "ReserveBlockCore", "ReserveBlockCore\ReserveBlockCore.csproj", "{F51E3B53-7925-452D-B00B-FEF678A2510E}"
EndProject
Global
	GlobalSection(SolutionConfigurationPlatforms) = preSolution
		Debug|Any CPU = Debug|Any CPU
		Release|Any CPU = Release|Any CPU
	EndGlobalSection
	GlobalSection(ProjectConfigurationPlatforms) = postSolution
		{F51E3B53-7925-452D-B00B-FEF678A2510E}.Debug|Any CPU.ActiveCfg = Debug|Any CPU
		{F51E3B53-7925-452D-B00B-FEF678A2510E}.Debug|Any CPU.Build.0 = Debug|Any CPU
		{F51E3B53-7925-452D-B00B-FEF678A2510E}.Release|Any CPU.ActiveCfg = Release|Any CPU
		{F51E3B53-7925-452D-B00B-FEF678A2510E}.Release|Any CPU.Build.0 = Release|Any CPU
	EndGlobalSection
	GlobalSection(SolutionProperties) = preSolution
		HideSolutionNode = FALSE
	EndGlobalSection
	GlobalSection(ExtensibilityGlobals) = postSolution
		SolutionGuid = {CCC5C784-1CE6-440C-BB39-89DEF52F97D2}
	EndGlobalSection
EndGlobal
